// !$*UTF8*$!
{
	archiveVersion = 1;
	classes = {
	};
	objectVersion = 48;
	objects = {

/* Begin PBXBuildFile section */
		CDFA46DA202128C000A4AD08 /* AppDelegate.swift in Sources */ = {isa = PBXBuildFile; fileRef = CDFA46D9202128C000A4AD08 /* AppDelegate.swift */; };
		CDFA46DC202128C000A4AD08 /* ViewController.swift in Sources */ = {isa = PBXBuildFile; fileRef = CDFA46DB202128C000A4AD08 /* ViewController.swift */; };
		CDFA46DF202128C000A4AD08 /* Main.storyboard in Resources */ = {isa = PBXBuildFile; fileRef = CDFA46DD202128C000A4AD08 /* Main.storyboard */; };
		CDFA46E1202128C000A4AD08 /* Assets.xcassets in Resources */ = {isa = PBXBuildFile; fileRef = CDFA46E0202128C000A4AD08 /* Assets.xcassets */; };
		CDFA46E4202128C000A4AD08 /* LaunchScreen.storyboard in Resources */ = {isa = PBXBuildFile; fileRef = CDFA46E2202128C000A4AD08 /* LaunchScreen.storyboard */; };
/* End PBXBuildFile section */

/* Begin PBXFileReference section */
		CDFA46D6202128C000A4AD08 /* lasvegasdice.app */ = {isa = PBXFileReference; explicitFileType = wrapper.application; includeInIndex = 0; path = lasvegasdice.app; sourceTree = BUILT_PRODUCTS_DIR; };
		CDFA46D9202128C000A4AD08 /* AppDelegate.swift */ = {isa = PBXFileReference; lastKnownFileType = sourcecode.swift; path = AppDelegate.swift; sourceTree = "<group>"; };
		CDFA46DB202128C000A4AD08 /* ViewController.swift */ = {isa = PBXFileReference; lastKnownFileType = sourcecode.swift; path = ViewController.swift; sourceTree = "<group>"; };
		CDFA46DE202128C000A4AD08 /* Base */ = {isa = PBXFileReference; lastKnownFileType = file.storyboard; name = Base; path = Base.lproj/Main.storyboard; sourceTree = "<group>"; };
		CDFA46E0202128C000A4AD08 /* Assets.xcassets */ = {isa = PBXFileReference; lastKnownFileType = folder.assetcatalog; path = Assets.xcassets; sourceTree = "<group>"; };
		CDFA46E3202128C000A4AD08 /* Base */ = {isa = PBXFileReference; lastKnownFileType = file.storyboard; name = Base; path = Base.lproj/LaunchScreen.storyboard; sourceTree = "<group>"; };
		CDFA46E5202128C000A4AD08 /* Info.plist */ = {isa = PBXFileReference; lastKnownFileType = text.plist.xml; path = Info.plist; sourceTree = "<group>"; };
/* End PBXFileReference section */

/* Begin PBXFrameworksBuildPhase section */
		CDFA46D3202128C000A4AD08 /* Frameworks */ = {
			isa = PBXFrameworksBuildPhase;
			buildActionMask = 2147483647;
			files = (
			);
			runOnlyForDeploymentPostprocessing = 0;
		};
/* End PBXFrameworksBuildPhase section */

/* Begin PBXGroup section */
		CDFA46CD202128C000A4AD08 = {
			isa = PBXGroup;
			children = (
				CDFA46D8202128C000A4AD08 /* lasvegasdice */,
				CDFA46D7202128C000A4AD08 /* Products */,
			);
			sourceTree = "<group>";
		};
		CDFA46D7202128C000A4AD08 /* Products */ = {
			isa = PBXGroup;
			children = (
				CDFA46D6202128C000A4AD08 /* lasvegasdice.app */,
			);
			name = Products;
			sourceTree = "<group>";
		};
		CDFA46D8202128C000A4AD08 /* lasvegasdice */ = {
			isa = PBXGroup;
			children = (
				CDFA46D9202128C000A4AD08 /* AppDelegate.swift */,
				CDFA46DB202128C000A4AD08 /* ViewController.swift */,
				CDFA46DD202128C000A4AD08 /* Main.storyboard */,
				CDFA46E0202128C000A4AD08 /* Assets.xcassets */,
				CDFA46E2202128C000A4AD08 /* LaunchScreen.storyboard */,
				CDFA46E5202128C000A4AD08 /* Info.plist */,
			);
			path = lasvegasdice;
			sourceTree = "<group>";
		};
/* End PBXGroup section */

/* Begin PBXNativeTarget section */
		CDFA46D5202128C000A4AD08 /* lasvegasdice */ = {
			isa = PBXNativeTarget;
			buildConfigurationList = CDFA46E8202128C000A4AD08 /* Build configuration list for PBXNativeTarget "lasvegasdice" */;
			buildPhases = (
				CDFA46D2202128C000A4AD08 /* Sources */,
				CDFA46D3202128C000A4AD08 /* Frameworks */,
				CDFA46D4202128C000A4AD08 /* Resources */,
			);
			buildRules = (
			);
			dependencies = (
			);
			name = lasvegasdice;
			productName = lasvegasdice;
			productReference = CDFA46D6202128C000A4AD08 /* lasvegasdice.app */;
			productType = "com.apple.product-type.application";
		};
/* End PBXNativeTarget section */

/* Begin PBXProject section */
		CDFA46CE202128C000A4AD08 /* Project object */ = {
			isa = PBXProject;
			attributes = {
				LastSwiftUpdateCheck = 0920;
				LastUpgradeCheck = 0920;
				ORGANIZATIONNAME = NamHNguyen;
				TargetAttributes = {
					CDFA46D5202128C000A4AD08 = {
						CreatedOnToolsVersion = 9.2;
						ProvisioningStyle = Automatic;
					};
				};
			};
			buildConfigurationList = CDFA46D1202128C000A4AD08 /* Build configuration list for PBXProject "lasvegasdice" */;
			compatibilityVersion = "Xcode 8.0";
			developmentRegion = en;
			hasScannedForEncodings = 0;
			knownRegions = (
				en,
				Base,
			);
			mainGroup = CDFA46CD202128C000A4AD08;
			productRefGroup = CDFA46D7202128C000A4AD08 /* Products */;
			projectDirPath = "";
			projectRoot = "";
			targets = (
				CDFA46D5202128C000A4AD08 /* lasvegasdice */,
			);
		};
/* End PBXProject section */

/* Begin PBXResourcesBuildPhase section */
		CDFA46D4202128C000A4AD08 /* Resources */ = {
			isa = PBXResourcesBuildPhase;
			buildActionMask = 2147483647;
			files = (
				CDFA46E4202128C000A4AD08 /* LaunchScreen.storyboard in Resources */,
				CDFA46E1202128C000A4AD08 /* Assets.xcassets in Resources */,
				CDFA46DF202128C000A4AD08 /* Main.storyboard in Resources */,
			);
			runOnlyForDeploymentPostprocessing = 0;
		};
/* End PBXResourcesBuildPhase section */

/* Begin PBXSourcesBuildPhase section */
		CDFA46D2202128C000A4AD08 /* Sources */ = {
			isa = PBXSourcesBuildPhase;
			buildActionMask = 2147483647;
			files = (
				CDFA46DC202128C000A4AD08 /* ViewController.swift in Sources */,
				CDFA46DA202128C000A4AD08 /* AppDelegate.swift in Sources */,
			);
			runOnlyForDeploymentPostprocessing = 0;
		};
/* End PBXSourcesBuildPhase section */

/* Begin PBXVariantGroup section */
		CDFA46DD202128C000A4AD08 /* Main.storyboard */ = {
			isa = PBXVariantGroup;
			children = (
				CDFA46DE202128C000A4AD08 /* Base */,
			);
			name = Main.storyboard;
			sourceTree = "<group>";
		};
		CDFA46E2202128C000A4AD08 /* LaunchScreen.storyboard */ = {
			isa = PBXVariantGroup;
			children = (
				CDFA46E3202128C000A4AD08 /* Base */,
			);
			name = LaunchScreen.storyboard;
			sourceTree = "<group>";
		};
/* End PBXVariantGroup section */

/* Begin XCBuildConfiguration section */
		CDFA46E6202128C000A4AD08 /* Debug */ = {
			isa = XCBuildConfiguration;
			buildSettings = {
				ALWAYS_SEARCH_USER_PATHS = NO;
				CLANG_ANALYZER_NONNULL = YES;
				CLANG_ANALYZER_NUMBER_OBJECT_CONVERSION = YES_AGGRESSIVE;
				CLANG_CXX_LANGUAGE_STANDARD = "gnu++14";
				CLANG_CXX_LIBRARY = "libc++";
				CLANG_ENABLE_MODULES = YES;
				CLANG_ENABLE_OBJC_ARC = YES;
				CLANG_WARN_BLOCK_CAPTURE_AUTORELEASING = YES;
				CLANG_WARN_BOOL_CONVERSION = YES;
				CLANG_WARN_COMMA = YES;
				CLANG_WARN_CONSTANT_CONVERSION = YES;
				CLANG_WARN_DIRECT_OBJC_ISA_USAGE = YES_ERROR;
				CLANG_WARN_DOCUMENTATION_COMMENTS = YES;
				CLANG_WARN_EMPTY_BODY = YES;
				CLANG_WARN_ENUM_CONVERSION = YES;
				CLANG_WARN_INFINITE_RECURSION = YES;
				CLANG_WARN_INT_CONVERSION = YES;
				CLANG_WARN_NON_LITERAL_NULL_CONVERSION = YES;
				CLANG_WARN_OBJC_LITERAL_CONVERSION = YES;
				CLANG_WARN_OBJC_ROOT_CLASS = YES_ERROR;
				CLANG_WARN_RANGE_LOOP_ANALYSIS = YES;
				CLANG_WARN_STRICT_PROTOTYPES = YES;
				CLANG_WARN_SUSPICIOUS_MOVE = YES;
				CLANG_WARN_UNGUARDED_AVAILABILITY = YES_AGGRESSIVE;
				CLANG_WARN_UNREACHABLE_CODE = YES;
				CLANG_WARN__DUPLICATE_METHOD_MATCH = YES;
				CODE_SIGN_IDENTITY = "iPhone Developer";
				COPY_PHASE_STRIP = NO;
				DEBUG_INFORMATION_FORMAT = dwarf;
				ENABLE_STRICT_OBJC_MSGSEND = YES;
				ENABLE_TESTABILITY = YES;
				GCC_C_LANGUAGE_STANDARD = gnu11;
				GCC_DYNAMIC_NO_PIC = NO;
				GCC_NO_COMMON_BLOCKS = YES;
				GCC_OPTIMIZATION_LEVEL = 0;
				GCC_PREPROCESSOR_DEFINITIONS = (
					"DEBUG=1",
					"$(inherited)",
				);
				GCC_WARN_64_TO_32_BIT_CONVERSION = YES;
				GCC_WARN_ABOUT_RETURN_TYPE = YES_ERROR;
				GCC_WARN_UNDECLARED_SELECTOR = YES;
				GCC_WARN_UNINITIALIZED_AUTOS = YES_AGGRESSIVE;
				GCC_WARN_UNUSED_FUNCTION = YES;
				GCC_WARN_UNUSED_VARIABLE = YES;
				IPHONEOS_DEPLOYMENT_TARGET = 11.2;
				MTL_ENABLE_DEBUG_INFO = YES;
				ONLY_ACTIVE_ARCH = YES;
				SDKROOT = iphoneos;
				SWIFT_ACTIVE_COMPILATION_CONDITIONS = DEBUG;
				SWIFT_OPTIMIZATION_LEVEL = "-Onone";
			};
			name = Debug;
		};
		CDFA46E7202128C000A4AD08 /* Release */ = {
			isa = XCBuildConfiguration;
			buildSettings = {
				ALWAYS_SEARCH_USER_PATHS = NO;
				CLANG_ANALYZER_NONNULL = YES;
				CLANG_ANALYZER_NUMBER_OBJECT_CONVERSION = YES_AGGRESSIVE;
				CLANG_CXX_LANGUAGE_STANDARD = "gnu++14";
				CLANG_CXX_LIBRARY = "libc++";
				CLANG_ENABLE_MODULES = YES;
				CLANG_ENABLE_OBJC_ARC = YES;
				CLANG_WARN_BLOCK_CAPTURE_AUTORELEASING = YES;
				CLANG_WARN_BOOL_CONVERSION = YES;
				CLANG_WARN_COMMA = YES;
				CLANG_WARN_CONSTANT_CONVERSION = YES;
				CLANG_WARN_DIRECT_OBJC_ISA_USAGE = YES_ERROR;
				CLANG_WARN_DOCUMENTATION_COMMENTS = YES;
				CLANG_WARN_EMPTY_BODY = YES;
				CLANG_WARN_ENUM_CONVERSION = YES;
				CLANG_WARN_INFINITE_RECURSION = YES;
				CLANG_WARN_INT_CONVERSION = YES;
				CLANG_WARN_NON_LITERAL_NULL_CONVERSION = YES;
				CLANG_WARN_OBJC_LITERAL_CONVERSION = YES;
				CLANG_WARN_OBJC_ROOT_CLASS = YES_ERROR;
				CLANG_WARN_RANGE_LOOP_ANALYSIS = YES;
				CLANG_WARN_STRICT_PROTOTYPES = YES;
				CLANG_WARN_SUSPICIOUS_MOVE = YES;
				CLANG_WARN_UNGUARDED_AVAILABILITY = YES_AGGRESSIVE;
				CLANG_WARN_UNREACHABLE_CODE = YES;
				CLANG_WARN__DUPLICATE_METHOD_MATCH = YES;
				CODE_SIGN_IDENTITY = "iPhone Developer";
				COPY_PHASE_STRIP = NO;
				DEBUG_INFORMATION_FORMAT = "dwarf-with-dsym";
				ENABLE_NS_ASSERTIONS = NO;
				ENABLE_STRICT_OBJC_MSGSEND = YES;
				GCC_C_LANGUAGE_STANDARD = gnu11;
				GCC_NO_COMMON_BLOCKS = YES;
				GCC_WARN_64_TO_32_BIT_CONVERSION = YES;
				GCC_WARN_ABOUT_RETURN_TYPE = YES_ERROR;
				GCC_WARN_UNDECLARED_SELECTOR = YES;
				GCC_WARN_UNINITIALIZED_AUTOS = YES_AGGRESSIVE;
				GCC_WARN_UNUSED_FUNCTION = YES;
				GCC_WARN_UNUSED_VARIABLE = YES;
				IPHONEOS_DEPLOYMENT_TARGET = 11.2;
				MTL_ENABLE_DEBUG_INFO = NO;
				SDKROOT = iphoneos;
				SWIFT_OPTIMIZATION_LEVEL = "-Owholemodule";
				VALIDATE_PRODUCT = YES;
			};
			name = Release;
		};
		CDFA46E9202128C000A4AD08 /* Debug */ = {
			isa = XCBuildConfiguration;
			buildSettings = {
				ASSETCATALOG_COMPILER_APPICON_NAME = AppIcon;
				CODE_SIGN_STYLE = Automatic;
				DEVELOPMENT_TEAM = 6CU35FWDGG;
				INFOPLIST_FILE = lasvegasdice/Info.plist;
				LD_RUNPATH_SEARCH_PATHS = "$(inherited) @executable_path/Frameworks";
				PRODUCT_BUNDLE_IDENTIFIER = com.namhnguyen.lasvegasdice;
				PRODUCT_NAME = "$(TARGET_NAME)";
				SWIFT_VERSION = 4.0;
				TARGETED_DEVICE_FAMILY = 1;
			};
			name = Debug;
		};
		CDFA46EA202128C000A4AD08 /* Release */ = {
			isa = XCBuildConfiguration;
			buildSettings = {
				ASSETCATALOG_COMPILER_APPICON_NAME = AppIcon;
				CODE_SIGN_STYLE = Automatic;
				DEVELOPMENT_TEAM = 6CU35FWDGG;
				INFOPLIST_FILE = lasvegasdice/Info.plist;
				LD_RUNPATH_SEARCH_PATHS = "$(inherited) @executable_path/Frameworks";
				PRODUCT_BUNDLE_IDENTIFIER = com.namhnguyen.lasvegasdice;
				PRODUCT_NAME = "$(TARGET_NAME)";
				SWIFT_VERSION = 4.0;
				TARGETED_DEVICE_FAMILY = 1;
			};
			name = Release;
		};
/* End XCBuildConfiguration section */

/* Begin XCConfigurationList section */
		CDFA46D1202128C000A4AD08 /* Build configuration list for PBXProject "lasvegasdice" */ = {
			isa = XCConfigurationList;
			buildConfigurations = (
				CDFA46E6202128C000A4AD08 /* Debug */,
				CDFA46E7202128C000A4AD08 /* Release */,
			);
			defaultConfigurationIsVisible = 0;
			defaultConfigurationName = Release;
		};
		CDFA46E8202128C000A4AD08 /* Build configuration list for PBXNativeTarget "lasvegasdice" */ = {
			isa = XCConfigurationList;
			buildConfigurations = (
				CDFA46E9202128C000A4AD08 /* Debug */,
				CDFA46EA202128C000A4AD08 /* Release */,
			);
			defaultConfigurationIsVisible = 0;
			defaultConfigurationName = Release;
		};
/* End XCConfigurationList section */
	};
	rootObject = CDFA46CE202128C000A4AD08 /* Project object */;
}
